
Microsoft Visual Studio Solution File, Format Version 12.00
# Visual Studio Version 16
VisualStudioVersion = 16.0.30114.105
MinimumVisualStudioVersion = 10.0.40219.1
Project("{FAE04EC0-301F-11D3-BF4B-00C04F79EFBC}") = "AngularCart", "AngularCart\AngularCart.csproj", "{44B566B3-A37C-4F45-B30A-41B2670362B6}"
EndProject
Global
	GlobalSection(SolutionConfigurationPlatforms) = preSolution
		Debug|Any CPU = Debug|Any CPU
		Release|Any CPU = Release|Any CPU
	EndGlobalSection
	GlobalSection(ProjectConfigurationPlatforms) = postSolution
		{44B566B3-A37C-4F45-B30A-41B2670362B6}.Debug|Any CPU.ActiveCfg = Debug|Any CPU
		{44B566B3-A37C-4F45-B30A-41B2670362B6}.Debug|Any CPU.Build.0 = Debug|Any CPU
		{44B566B3-A37C-4F45-B30A-41B2670362B6}.Release|Any CPU.ActiveCfg = Release|Any CPU
		{44B566B3-A37C-4F45-B30A-41B2670362B6}.Release|Any CPU.Build.0 = Release|Any CPU
	EndGlobalSection
	GlobalSection(SolutionProperties) = preSolution
		HideSolutionNode = FALSE
	EndGlobalSection
	GlobalSection(ExtensibilityGlobals) = postSolution
		SolutionGuid = {8EF1F96A-77A2-4FCD-A70A-3CC78B4BE880}
	EndGlobalSection
EndGlobal
