{
  "requires": true,
  "lockfileVersion": 1,
  "dependencies": {
    "@ngrx/store": {
      "version": "6.1.2",
      "resolved": "https://registry.npmjs.org/@ngrx/store/-/store-6.1.2.tgz",
      "integrity": "sha512-W9MbXrwhIRmN1BlINF9BT+rHR046e1HNk7GqykcDJrK9wW74PJW3aE5iuPb2sTPipBMjPHsXzc73E4U/+OTAyw=="
    }
  }
}
